
Microsoft Visual Studio Solution File, Format Version 12.00
# Visual Studio Version 17
VisualStudioVersion = 17.2.32516.85
MinimumVisualStudioVersion = 10.0.40219.1
Project("{9A19103F-16F7-4668-BE54-9A1E7A4F7556}") = "FacebookTool", "FacebookTool\FacebookTool.csproj", "{485AF56C-4414-4D7C-8158-D4853DBAC64A}"
EndProject
Project("{FAE04EC0-301F-11D3-BF4B-00C04F79EFBC}") = "ScannerTool", "ScannerTool\ScannerTool.csproj", "{4C7860E0-CB3F-4F91-8802-4CA433D313F7}"
EndProject
Global
	GlobalSection(SolutionConfigurationPlatforms) = preSolution
		Debug|Any CPU = Debug|Any CPU
		Release|Any CPU = Release|Any CPU
	EndGlobalSection
	GlobalSection(ProjectConfigurationPlatforms) = postSolution
		{485AF56C-4414-4D7C-8158-D4853DBAC64A}.Debug|Any CPU.ActiveCfg = Debug|Any CPU
		{485AF56C-4414-4D7C-8158-D4853DBAC64A}.Debug|Any CPU.Build.0 = Debug|Any CPU
		{485AF56C-4414-4D7C-8158-D4853DBAC64A}.Release|Any CPU.ActiveCfg = Release|Any CPU
		{485AF56C-4414-4D7C-8158-D4853DBAC64A}.Release|Any CPU.Build.0 = Release|Any CPU
		{4C7860E0-CB3F-4F91-8802-4CA433D313F7}.Debug|Any CPU.ActiveCfg = Debug|Any CPU
		{4C7860E0-CB3F-4F91-8802-4CA433D313F7}.Debug|Any CPU.Build.0 = Debug|Any CPU
		{4C7860E0-CB3F-4F91-8802-4CA433D313F7}.Release|Any CPU.ActiveCfg = Release|Any CPU
		{4C7860E0-CB3F-4F91-8802-4CA433D313F7}.Release|Any CPU.Build.0 = Release|Any CPU
	EndGlobalSection
	GlobalSection(SolutionProperties) = preSolution
		HideSolutionNode = FALSE
	EndGlobalSection
	GlobalSection(ExtensibilityGlobals) = postSolution
		SolutionGuid = {3F5FE6B4-A34A-4E90-B9DE-4F185E5CF381}
	EndGlobalSection
EndGlobal
